
Microsoft Visual Studio Solution File, Format Version 12.00
# Visual Studio Version 17
VisualStudioVersion = 17.11.35303.130
MinimumVisualStudioVersion = 10.0.40219.1
Project("{9A19103F-16F7-4668-BE54-9A1E7A4F7556}") = "Pract9", "Pract9\Pract9.csproj", "{C7F37B30-1BFE-4370-8AF8-2A5855A440B8}"
EndProject
Project("{9A19103F-16F7-4668-BE54-9A1E7A4F7556}") = "prob1", "prob1\prob1.csproj", "{43EB39DB-7AC8-4B69-9DB0-E5115E32355B}"
EndProject
Project("{FAE04EC0-301F-11D3-BF4B-00C04F79EFBC}") = "Classbase", "Classbase\Classbase.csproj", "{4E26BF89-0D36-4190-ABA0-304B653E753F}"
EndProject
Global
	GlobalSection(SolutionConfigurationPlatforms) = preSolution
		Debug|Any CPU = Debug|Any CPU
		Release|Any CPU = Release|Any CPU
	EndGlobalSection
	GlobalSection(ProjectConfigurationPlatforms) = postSolution
		{C7F37B30-1BFE-4370-8AF8-2A5855A440B8}.Debug|Any CPU.ActiveCfg = Debug|Any CPU
		{C7F37B30-1BFE-4370-8AF8-2A5855A440B8}.Debug|Any CPU.Build.0 = Debug|Any CPU
		{C7F37B30-1BFE-4370-8AF8-2A5855A440B8}.Release|Any CPU.ActiveCfg = Release|Any CPU
		{C7F37B30-1BFE-4370-8AF8-2A5855A440B8}.Release|Any CPU.Build.0 = Release|Any CPU
		{43EB39DB-7AC8-4B69-9DB0-E5115E32355B}.Debug|Any CPU.ActiveCfg = Debug|Any CPU
		{43EB39DB-7AC8-4B69-9DB0-E5115E32355B}.Debug|Any CPU.Build.0 = Debug|Any CPU
		{43EB39DB-7AC8-4B69-9DB0-E5115E32355B}.Release|Any CPU.ActiveCfg = Release|Any CPU
		{43EB39DB-7AC8-4B69-9DB0-E5115E32355B}.Release|Any CPU.Build.0 = Release|Any CPU
		{4E26BF89-0D36-4190-ABA0-304B653E753F}.Debug|Any CPU.ActiveCfg = Debug|Any CPU
		{4E26BF89-0D36-4190-ABA0-304B653E753F}.Debug|Any CPU.Build.0 = Debug|Any CPU
		{4E26BF89-0D36-4190-ABA0-304B653E753F}.Release|Any CPU.ActiveCfg = Release|Any CPU
		{4E26BF89-0D36-4190-ABA0-304B653E753F}.Release|Any CPU.Build.0 = Release|Any CPU
	EndGlobalSection
	GlobalSection(SolutionProperties) = preSolution
		HideSolutionNode = FALSE
	EndGlobalSection
	GlobalSection(ExtensibilityGlobals) = postSolution
		SolutionGuid = {BEC62E7E-DEAE-4D1C-9F16-BD2183588AAB}
	EndGlobalSection
EndGlobal
